Microsoft Visual Studio Solution File, Format Version 12.00
# Visual Studio 2012
Project("{FAE04EC0-301F-11D3-BF4B-00C04F79EFBC}") = "Again", "Again.csproj", "{B95DFF94-69A7-4CD3-83E5-3EDBBCD28059}"
EndProject
Global
	GlobalSection(SolutionConfigurationPlatforms) = preSolution
	Debug|Any CPU = Debug|Any CPU
	ExportDebug|Any CPU = ExportDebug|Any CPU
	ExportRelease|Any CPU = ExportRelease|Any CPU
	EndGlobalSection
	GlobalSection(ProjectConfigurationPlatforms) = postSolution
		{B95DFF94-69A7-4CD3-83E5-3EDBBCD28059}.Debug|Any CPU.ActiveCfg = Debug|Any CPU
		{B95DFF94-69A7-4CD3-83E5-3EDBBCD28059}.Debug|Any CPU.Build.0 = Debug|Any CPU
		{B95DFF94-69A7-4CD3-83E5-3EDBBCD28059}.ExportDebug|Any CPU.ActiveCfg = ExportDebug|Any CPU
		{B95DFF94-69A7-4CD3-83E5-3EDBBCD28059}.ExportDebug|Any CPU.Build.0 = ExportDebug|Any CPU
		{B95DFF94-69A7-4CD3-83E5-3EDBBCD28059}.ExportRelease|Any CPU.ActiveCfg = ExportRelease|Any CPU
		{B95DFF94-69A7-4CD3-83E5-3EDBBCD28059}.ExportRelease|Any CPU.Build.0 = ExportRelease|Any CPU
	EndGlobalSection
EndGlobal
